
Microsoft Visual Studio Solution File, Format Version 12.00
# Visual Studio Version 16
VisualStudioVersion = 16.0.31702.278
MinimumVisualStudioVersion = 10.0.40219.1
Project("{FAE04EC0-301F-11D3-BF4B-00C04F79EFBC}") = "GestionPOI", "GestionPOI\GestionPOI.csproj", "{21BBB768-D4BF-4176-8F5F-B7C8F6DA7F13}"
EndProject
Global
	GlobalSection(SolutionConfigurationPlatforms) = preSolution
		Debug|Any CPU = Debug|Any CPU
		Release|Any CPU = Release|Any CPU
	EndGlobalSection
	GlobalSection(ProjectConfigurationPlatforms) = postSolution
		{21BBB768-D4BF-4176-8F5F-B7C8F6DA7F13}.Debug|Any CPU.ActiveCfg = Debug|Any CPU
		{21BBB768-D4BF-4176-8F5F-B7C8F6DA7F13}.Debug|Any CPU.Build.0 = Debug|Any CPU
		{21BBB768-D4BF-4176-8F5F-B7C8F6DA7F13}.Release|Any CPU.ActiveCfg = Release|Any CPU
		{21BBB768-D4BF-4176-8F5F-B7C8F6DA7F13}.Release|Any CPU.Build.0 = Release|Any CPU
	EndGlobalSection
	GlobalSection(SolutionProperties) = preSolution
		HideSolutionNode = FALSE
	EndGlobalSection
	GlobalSection(ExtensibilityGlobals) = postSolution
		SolutionGuid = {8E8BC136-C0C4-4335-BFC1-6565DFA2C34B}
	EndGlobalSection
EndGlobal
